Microsoft Visual Studio Solution File, Format Version 11.00
# Visual Studio 2008

Project("{343386B4-E753-9A73-7C94-B7391E19F2C3}") = "Cow-Down", "Assembly-CSharp.csproj", "{7B155DFD-9D49-DB60-6B23-A324B3D6BA00}"
EndProject
Global
	GlobalSection(SolutionConfigurationPlatforms) = preSolution
		Debug|Any CPU = Debug|Any CPU
		Release|Any CPU = Release|Any CPU
	EndGlobalSection
	GlobalSection(ProjectConfigurationPlatforms) = postSolution
		{7B155DFD-9D49-DB60-6B23-A324B3D6BA00}.Debug|Any CPU.ActiveCfg = Debug|Any CPU
		{7B155DFD-9D49-DB60-6B23-A324B3D6BA00}.Debug|Any CPU.Build.0 = Debug|Any CPU
		{7B155DFD-9D49-DB60-6B23-A324B3D6BA00}.Release|Any CPU.ActiveCfg = Release|Any CPU
		{7B155DFD-9D49-DB60-6B23-A324B3D6BA00}.Release|Any CPU.Build.0 = Release|Any CPU
	EndGlobalSection
	GlobalSection(SolutionProperties) = preSolution
		HideSolutionNode = FALSE
	EndGlobalSection
	GlobalSection(MonoDevelopProperties) = preSolution
		StartupItem = Assembly-CSharp.csproj
	EndGlobalSection
EndGlobal
